
Microsoft Visual Studio Solution File, Format Version 12.00
# Visual Studio 2013
VisualStudioVersion = 12.0.30414.0
MinimumVisualStudioVersion = 10.0.40219.1
Project("{8BC9CEB8-8B4A-11D0-8D11-00A0C91BC942}") = "Win32_Share_Desktop", "Win32_Share_Desktop\Win32_Share_Desktop.vcxproj", "{74CA8B6F-043E-4DE1-98C3-EAD1212B8312}"
EndProject
Global
	GlobalSection(SolutionConfigurationPlatforms) = preSolution
		Debug|Win32 = Debug|Win32
		Release|Win32 = Release|Win32
	EndGlobalSection
	GlobalSection(ProjectConfigurationPlatforms) = postSolution
		{74CA8B6F-043E-4DE1-98C3-EAD1212B8312}.Debug|Win32.ActiveCfg = Debug|Win32
		{74CA8B6F-043E-4DE1-98C3-EAD1212B8312}.Debug|Win32.Build.0 = Debug|Win32
		{74CA8B6F-043E-4DE1-98C3-EAD1212B8312}.Release|Win32.ActiveCfg = Release|Win32
		{74CA8B6F-043E-4DE1-98C3-EAD1212B8312}.Release|Win32.Build.0 = Release|Win32
	EndGlobalSection
	GlobalSection(SolutionProperties) = preSolution
		HideSolutionNode = FALSE
	EndGlobalSection
EndGlobal
