
Microsoft Visual Studio Solution File, Format Version 12.00
# Visual Studio 2013
VisualStudioVersion = 12.0.30414.0
MinimumVisualStudioVersion = 10.0.40219.1
Project("{FAE04EC0-301F-11D3-BF4B-00C04F79EFBC}") = "WinForms_Share", "share\WinForms_Share.csproj", "{3BA5E5D5-A15F-433B-B06D-8112F93F8112}"
EndProject
Global
	GlobalSection(SolutionConfigurationPlatforms) = preSolution
		Debug|Any CPU = Debug|Any CPU
		Release|Any CPU = Release|Any CPU
	EndGlobalSection
	GlobalSection(ProjectConfigurationPlatforms) = postSolution
		{3BA5E5D5-A15F-433B-B06D-8112F93F8112}.Debug|Any CPU.ActiveCfg = Debug|Any CPU
		{3BA5E5D5-A15F-433B-B06D-8112F93F8112}.Debug|Any CPU.Build.0 = Debug|Any CPU
		{3BA5E5D5-A15F-433B-B06D-8112F93F8112}.Release|Any CPU.ActiveCfg = Release|Any CPU
		{3BA5E5D5-A15F-433B-B06D-8112F93F8112}.Release|Any CPU.Build.0 = Release|Any CPU
	EndGlobalSection
	GlobalSection(SolutionProperties) = preSolution
		HideSolutionNode = FALSE
	EndGlobalSection
EndGlobal
