
Microsoft Visual Studio Solution File, Format Version 12.00
# Visual Studio 14
VisualStudioVersion = 14.0.22823.1
MinimumVisualStudioVersion = 10.0.40219.1
Project("{FAE04EC0-301F-11D3-BF4B-00C04F79EFBC}") = "ContosoShop", "ContosoShop\ContosoShop.csproj", "{16B8BABA-4C7E-4F1F-BDC7-9589519A669E}"
EndProject
Project("{FAE04EC0-301F-11D3-BF4B-00C04F79EFBC}") = "WoodgroveBank", "WoodgroveBank\WoodgroveBank.csproj", "{79E44ABF-F7CE-44FE-89C5-28B6F98B3348}"
EndProject
Project("{FAE04EC0-301F-11D3-BF4B-00C04F79EFBC}") = "FabrikamShipTrack", "ShipTrack\FabrikamShipTrack.csproj", "{043A66D5-3A1A-404B-B8FD-F531A16AE568}"
EndProject
Project("{FAE04EC0-301F-11D3-BF4B-00C04F79EFBC}") = "ShipTrackService", "ShipTrackService\ShipTrackService.csproj", "{55828782-CDD6-4C4D-B415-A8E820E72476}"
EndProject
Global
	GlobalSection(SolutionConfigurationPlatforms) = preSolution
		Debug|ARM = Debug|ARM
		Debug|x64 = Debug|x64
		Debug|x86 = Debug|x86
		Release|ARM = Release|ARM
		Release|x64 = Release|x64
		Release|x86 = Release|x86
	EndGlobalSection
	GlobalSection(ProjectConfigurationPlatforms) = postSolution
		{16B8BABA-4C7E-4F1F-BDC7-9589519A669E}.Debug|ARM.ActiveCfg = Debug|ARM
		{16B8BABA-4C7E-4F1F-BDC7-9589519A669E}.Debug|ARM.Build.0 = Debug|ARM
		{16B8BABA-4C7E-4F1F-BDC7-9589519A669E}.Debug|ARM.Deploy.0 = Debug|ARM
		{16B8BABA-4C7E-4F1F-BDC7-9589519A669E}.Debug|x64.ActiveCfg = Debug|x86
		{16B8BABA-4C7E-4F1F-BDC7-9589519A669E}.Debug|x86.ActiveCfg = Debug|x86
		{16B8BABA-4C7E-4F1F-BDC7-9589519A669E}.Debug|x86.Build.0 = Debug|x86
		{16B8BABA-4C7E-4F1F-BDC7-9589519A669E}.Debug|x86.Deploy.0 = Debug|x86
		{16B8BABA-4C7E-4F1F-BDC7-9589519A669E}.Release|ARM.ActiveCfg = Release|ARM
		{16B8BABA-4C7E-4F1F-BDC7-9589519A669E}.Release|ARM.Build.0 = Release|ARM
		{16B8BABA-4C7E-4F1F-BDC7-9589519A669E}.Release|ARM.Deploy.0 = Release|ARM
		{16B8BABA-4C7E-4F1F-BDC7-9589519A669E}.Release|x64.ActiveCfg = Release|x86
		{16B8BABA-4C7E-4F1F-BDC7-9589519A669E}.Release|x86.ActiveCfg = Release|x86
		{16B8BABA-4C7E-4F1F-BDC7-9589519A669E}.Release|x86.Build.0 = Release|x86
		{16B8BABA-4C7E-4F1F-BDC7-9589519A669E}.Release|x86.Deploy.0 = Release|x86
		{79E44ABF-F7CE-44FE-89C5-28B6F98B3348}.Debug|ARM.ActiveCfg = Debug|ARM
		{79E44ABF-F7CE-44FE-89C5-28B6F98B3348}.Debug|ARM.Build.0 = Debug|ARM
		{79E44ABF-F7CE-44FE-89C5-28B6F98B3348}.Debug|ARM.Deploy.0 = Debug|ARM
		{79E44ABF-F7CE-44FE-89C5-28B6F98B3348}.Debug|x64.ActiveCfg = Debug|x86
		{79E44ABF-F7CE-44FE-89C5-28B6F98B3348}.Debug|x86.ActiveCfg = Debug|x86
		{79E44ABF-F7CE-44FE-89C5-28B6F98B3348}.Debug|x86.Build.0 = Debug|x86
		{79E44ABF-F7CE-44FE-89C5-28B6F98B3348}.Debug|x86.Deploy.0 = Debug|x86
		{79E44ABF-F7CE-44FE-89C5-28B6F98B3348}.Release|ARM.ActiveCfg = Release|ARM
		{79E44ABF-F7CE-44FE-89C5-28B6F98B3348}.Release|ARM.Build.0 = Release|ARM
		{79E44ABF-F7CE-44FE-89C5-28B6F98B3348}.Release|ARM.Deploy.0 = Release|ARM
		{79E44ABF-F7CE-44FE-89C5-28B6F98B3348}.Release|x64.ActiveCfg = Release|x86
		{79E44ABF-F7CE-44FE-89C5-28B6F98B3348}.Release|x86.ActiveCfg = Release|x86
		{79E44ABF-F7CE-44FE-89C5-28B6F98B3348}.Release|x86.Build.0 = Release|x86
		{79E44ABF-F7CE-44FE-89C5-28B6F98B3348}.Release|x86.Deploy.0 = Release|x86
		{043A66D5-3A1A-404B-B8FD-F531A16AE568}.Debug|ARM.ActiveCfg = Debug|ARM
		{043A66D5-3A1A-404B-B8FD-F531A16AE568}.Debug|ARM.Build.0 = Debug|ARM
		{043A66D5-3A1A-404B-B8FD-F531A16AE568}.Debug|ARM.Deploy.0 = Debug|ARM
		{043A66D5-3A1A-404B-B8FD-F531A16AE568}.Debug|x64.ActiveCfg = Debug|x64
		{043A66D5-3A1A-404B-B8FD-F531A16AE568}.Debug|x64.Build.0 = Debug|x64
		{043A66D5-3A1A-404B-B8FD-F531A16AE568}.Debug|x64.Deploy.0 = Debug|x64
		{043A66D5-3A1A-404B-B8FD-F531A16AE568}.Debug|x86.ActiveCfg = Debug|x86
		{043A66D5-3A1A-404B-B8FD-F531A16AE568}.Debug|x86.Build.0 = Debug|x86
		{043A66D5-3A1A-404B-B8FD-F531A16AE568}.Debug|x86.Deploy.0 = Debug|x86
		{043A66D5-3A1A-404B-B8FD-F531A16AE568}.Release|ARM.ActiveCfg = Release|ARM
		{043A66D5-3A1A-404B-B8FD-F531A16AE568}.Release|ARM.Build.0 = Release|ARM
		{043A66D5-3A1A-404B-B8FD-F531A16AE568}.Release|ARM.Deploy.0 = Release|ARM
		{043A66D5-3A1A-404B-B8FD-F531A16AE568}.Release|x64.ActiveCfg = Release|x64
		{043A66D5-3A1A-404B-B8FD-F531A16AE568}.Release|x64.Build.0 = Release|x64
		{043A66D5-3A1A-404B-B8FD-F531A16AE568}.Release|x64.Deploy.0 = Release|x64
		{043A66D5-3A1A-404B-B8FD-F531A16AE568}.Release|x86.ActiveCfg = Release|x86
		{043A66D5-3A1A-404B-B8FD-F531A16AE568}.Release|x86.Build.0 = Release|x86
		{043A66D5-3A1A-404B-B8FD-F531A16AE568}.Release|x86.Deploy.0 = Release|x86
		{55828782-CDD6-4C4D-B415-A8E820E72476}.Debug|ARM.ActiveCfg = Debug|ARM
		{55828782-CDD6-4C4D-B415-A8E820E72476}.Debug|ARM.Build.0 = Debug|ARM
		{55828782-CDD6-4C4D-B415-A8E820E72476}.Debug|x64.ActiveCfg = Debug|x64
		{55828782-CDD6-4C4D-B415-A8E820E72476}.Debug|x64.Build.0 = Debug|x64
		{55828782-CDD6-4C4D-B415-A8E820E72476}.Debug|x86.ActiveCfg = Debug|x86
		{55828782-CDD6-4C4D-B415-A8E820E72476}.Debug|x86.Build.0 = Debug|x86
		{55828782-CDD6-4C4D-B415-A8E820E72476}.Release|ARM.ActiveCfg = Release|ARM
		{55828782-CDD6-4C4D-B415-A8E820E72476}.Release|ARM.Build.0 = Release|ARM
		{55828782-CDD6-4C4D-B415-A8E820E72476}.Release|x64.ActiveCfg = Release|x64
		{55828782-CDD6-4C4D-B415-A8E820E72476}.Release|x64.Build.0 = Release|x64
		{55828782-CDD6-4C4D-B415-A8E820E72476}.Release|x86.ActiveCfg = Release|x86
		{55828782-CDD6-4C4D-B415-A8E820E72476}.Release|x86.Build.0 = Release|x86
	EndGlobalSection
	GlobalSection(SolutionProperties) = preSolution
		HideSolutionNode = FALSE
	EndGlobalSection
EndGlobal
