
Microsoft Visual Studio Solution File, Format Version 12.00
# Visual Studio 14
VisualStudioVersion = 14.0.22823.1
MinimumVisualStudioVersion = 10.0.40219.1
Project("{FAE04EC0-301F-11D3-BF4B-00C04F79EFBC}") = "LaunchURISample", "LaunchURISample\LaunchURISample.csproj", "{58921733-BDE9-45C1-BD80-04F325FAB544}"
EndProject
Project("{FAE04EC0-301F-11D3-BF4B-00C04F79EFBC}") = "Build2015App1", "Build2015App1\Build2015App1.csproj", "{C1262078-D2E3-4B73-95CA-7A2A138EFA7A}"
EndProject
Project("{FAE04EC0-301F-11D3-BF4B-00C04F79EFBC}") = "Build2015App2", "Build2015App2\Build2015App2.csproj", "{32367ABC-CDA9-45CA-8610-2E2DA9491F76}"
EndProject
Global
	GlobalSection(SolutionConfigurationPlatforms) = preSolution
		Debug|Any CPU = Debug|Any CPU
		Debug|ARM = Debug|ARM
		Debug|x64 = Debug|x64
		Debug|x86 = Debug|x86
		Release|Any CPU = Release|Any CPU
		Release|ARM = Release|ARM
		Release|x64 = Release|x64
		Release|x86 = Release|x86
	EndGlobalSection
	GlobalSection(ProjectConfigurationPlatforms) = postSolution
		{58921733-BDE9-45C1-BD80-04F325FAB544}.Debug|Any CPU.ActiveCfg = Debug|x86
		{58921733-BDE9-45C1-BD80-04F325FAB544}.Debug|ARM.ActiveCfg = Debug|ARM
		{58921733-BDE9-45C1-BD80-04F325FAB544}.Debug|ARM.Build.0 = Debug|ARM
		{58921733-BDE9-45C1-BD80-04F325FAB544}.Debug|ARM.Deploy.0 = Debug|ARM
		{58921733-BDE9-45C1-BD80-04F325FAB544}.Debug|x64.ActiveCfg = Debug|x64
		{58921733-BDE9-45C1-BD80-04F325FAB544}.Debug|x64.Build.0 = Debug|x64
		{58921733-BDE9-45C1-BD80-04F325FAB544}.Debug|x64.Deploy.0 = Debug|x64
		{58921733-BDE9-45C1-BD80-04F325FAB544}.Debug|x86.ActiveCfg = Debug|x86
		{58921733-BDE9-45C1-BD80-04F325FAB544}.Debug|x86.Build.0 = Debug|x86
		{58921733-BDE9-45C1-BD80-04F325FAB544}.Debug|x86.Deploy.0 = Debug|x86
		{58921733-BDE9-45C1-BD80-04F325FAB544}.Release|Any CPU.ActiveCfg = Release|x86
		{58921733-BDE9-45C1-BD80-04F325FAB544}.Release|ARM.ActiveCfg = Release|ARM
		{58921733-BDE9-45C1-BD80-04F325FAB544}.Release|ARM.Build.0 = Release|ARM
		{58921733-BDE9-45C1-BD80-04F325FAB544}.Release|ARM.Deploy.0 = Release|ARM
		{58921733-BDE9-45C1-BD80-04F325FAB544}.Release|x64.ActiveCfg = Release|x64
		{58921733-BDE9-45C1-BD80-04F325FAB544}.Release|x64.Build.0 = Release|x64
		{58921733-BDE9-45C1-BD80-04F325FAB544}.Release|x64.Deploy.0 = Release|x64
		{58921733-BDE9-45C1-BD80-04F325FAB544}.Release|x86.ActiveCfg = Release|x86
		{58921733-BDE9-45C1-BD80-04F325FAB544}.Release|x86.Build.0 = Release|x86
		{58921733-BDE9-45C1-BD80-04F325FAB544}.Release|x86.Deploy.0 = Release|x86
		{C1262078-D2E3-4B73-95CA-7A2A138EFA7A}.Debug|Any CPU.ActiveCfg = Debug|x86
		{C1262078-D2E3-4B73-95CA-7A2A138EFA7A}.Debug|ARM.ActiveCfg = Debug|ARM
		{C1262078-D2E3-4B73-95CA-7A2A138EFA7A}.Debug|ARM.Build.0 = Debug|ARM
		{C1262078-D2E3-4B73-95CA-7A2A138EFA7A}.Debug|ARM.Deploy.0 = Debug|ARM
		{C1262078-D2E3-4B73-95CA-7A2A138EFA7A}.Debug|x64.ActiveCfg = Debug|x64
		{C1262078-D2E3-4B73-95CA-7A2A138EFA7A}.Debug|x64.Build.0 = Debug|x64
		{C1262078-D2E3-4B73-95CA-7A2A138EFA7A}.Debug|x64.Deploy.0 = Debug|x64
		{C1262078-D2E3-4B73-95CA-7A2A138EFA7A}.Debug|x86.ActiveCfg = Debug|x86
		{C1262078-D2E3-4B73-95CA-7A2A138EFA7A}.Debug|x86.Build.0 = Debug|x86
		{C1262078-D2E3-4B73-95CA-7A2A138EFA7A}.Debug|x86.Deploy.0 = Debug|x86
		{C1262078-D2E3-4B73-95CA-7A2A138EFA7A}.Release|Any CPU.ActiveCfg = Release|x86
		{C1262078-D2E3-4B73-95CA-7A2A138EFA7A}.Release|ARM.ActiveCfg = Release|ARM
		{C1262078-D2E3-4B73-95CA-7A2A138EFA7A}.Release|ARM.Build.0 = Release|ARM
		{C1262078-D2E3-4B73-95CA-7A2A138EFA7A}.Release|ARM.Deploy.0 = Release|ARM
		{C1262078-D2E3-4B73-95CA-7A2A138EFA7A}.Release|x64.ActiveCfg = Release|x64
		{C1262078-D2E3-4B73-95CA-7A2A138EFA7A}.Release|x64.Build.0 = Release|x64
		{C1262078-D2E3-4B73-95CA-7A2A138EFA7A}.Release|x64.Deploy.0 = Release|x64
		{C1262078-D2E3-4B73-95CA-7A2A138EFA7A}.Release|x86.ActiveCfg = Release|x86
		{C1262078-D2E3-4B73-95CA-7A2A138EFA7A}.Release|x86.Build.0 = Release|x86
		{C1262078-D2E3-4B73-95CA-7A2A138EFA7A}.Release|x86.Deploy.0 = Release|x86
		{32367ABC-CDA9-45CA-8610-2E2DA9491F76}.Debug|Any CPU.ActiveCfg = Debug|x86
		{32367ABC-CDA9-45CA-8610-2E2DA9491F76}.Debug|ARM.ActiveCfg = Debug|ARM
		{32367ABC-CDA9-45CA-8610-2E2DA9491F76}.Debug|ARM.Build.0 = Debug|ARM
		{32367ABC-CDA9-45CA-8610-2E2DA9491F76}.Debug|ARM.Deploy.0 = Debug|ARM
		{32367ABC-CDA9-45CA-8610-2E2DA9491F76}.Debug|x64.ActiveCfg = Debug|x64
		{32367ABC-CDA9-45CA-8610-2E2DA9491F76}.Debug|x64.Build.0 = Debug|x64
		{32367ABC-CDA9-45CA-8610-2E2DA9491F76}.Debug|x64.Deploy.0 = Debug|x64
		{32367ABC-CDA9-45CA-8610-2E2DA9491F76}.Debug|x86.ActiveCfg = Debug|x86
		{32367ABC-CDA9-45CA-8610-2E2DA9491F76}.Debug|x86.Build.0 = Debug|x86
		{32367ABC-CDA9-45CA-8610-2E2DA9491F76}.Debug|x86.Deploy.0 = Debug|x86
		{32367ABC-CDA9-45CA-8610-2E2DA9491F76}.Release|Any CPU.ActiveCfg = Release|x86
		{32367ABC-CDA9-45CA-8610-2E2DA9491F76}.Release|ARM.ActiveCfg = Release|ARM
		{32367ABC-CDA9-45CA-8610-2E2DA9491F76}.Release|ARM.Build.0 = Release|ARM
		{32367ABC-CDA9-45CA-8610-2E2DA9491F76}.Release|ARM.Deploy.0 = Release|ARM
		{32367ABC-CDA9-45CA-8610-2E2DA9491F76}.Release|x64.ActiveCfg = Release|x64
		{32367ABC-CDA9-45CA-8610-2E2DA9491F76}.Release|x64.Build.0 = Release|x64
		{32367ABC-CDA9-45CA-8610-2E2DA9491F76}.Release|x64.Deploy.0 = Release|x64
		{32367ABC-CDA9-45CA-8610-2E2DA9491F76}.Release|x86.ActiveCfg = Release|x86
		{32367ABC-CDA9-45CA-8610-2E2DA9491F76}.Release|x86.Build.0 = Release|x86
		{32367ABC-CDA9-45CA-8610-2E2DA9491F76}.Release|x86.Deploy.0 = Release|x86
	EndGlobalSection
	GlobalSection(SolutionProperties) = preSolution
		HideSolutionNode = FALSE
	EndGlobalSection
EndGlobal
